
Microsoft Visual Studio Solution File, Format Version 12.00
# Visual Studio Version 17
VisualStudioVersion = 17.11.35327.3
MinimumVisualStudioVersion = 10.0.40219.1
Project("{FAE04EC0-301F-11D3-BF4B-00C04F79EFBC}") = "clausndk.stronglogger", "clausndk.stronglogger\clausndk.stronglogger.csproj", "{D4071F96-D85E-4D17-AEEE-D761871C11CA}"
EndProject
Project("{FAE04EC0-301F-11D3-BF4B-00C04F79EFBC}") = "clausndk.stronglogger.test", "clausndk.stronglogger.test\clausndk.stronglogger.test.csproj", "{4F8CD1BF-9201-4578-BEE7-D3B7EF7610BF}"
EndProject
Project("{FAE04EC0-301F-11D3-BF4B-00C04F79EFBC}") = "clausndk.stronglogger.apptest", "clausndk.stronglogger.apptest\clausndk.stronglogger.apptest.csproj", "{63579C47-2CDE-4E78-8A9B-07B8D53875C6}"
EndProject
Project("{FAE04EC0-301F-11D3-BF4B-00C04F79EFBC}") = "clausndk.stronglogger.json", "clausndk.stronglogger.json\clausndk.stronglogger.json.csproj", "{2541C6E9-1954-44E2-B8A8-380DFE955EB3}"
EndProject
Global
	GlobalSection(SolutionConfigurationPlatforms) = preSolution
		Debug|Any CPU = Debug|Any CPU
		Release|Any CPU = Release|Any CPU
	EndGlobalSection
	GlobalSection(ProjectConfigurationPlatforms) = postSolution
		{D4071F96-D85E-4D17-AEEE-D761871C11CA}.Debug|Any CPU.ActiveCfg = Debug|Any CPU
		{D4071F96-D85E-4D17-AEEE-D761871C11CA}.Debug|Any CPU.Build.0 = Debug|Any CPU
		{D4071F96-D85E-4D17-AEEE-D761871C11CA}.Release|Any CPU.ActiveCfg = Release|Any CPU
		{D4071F96-D85E-4D17-AEEE-D761871C11CA}.Release|Any CPU.Build.0 = Release|Any CPU
		{4F8CD1BF-9201-4578-BEE7-D3B7EF7610BF}.Debug|Any CPU.ActiveCfg = Debug|Any CPU
		{4F8CD1BF-9201-4578-BEE7-D3B7EF7610BF}.Debug|Any CPU.Build.0 = Debug|Any CPU
		{4F8CD1BF-9201-4578-BEE7-D3B7EF7610BF}.Release|Any CPU.ActiveCfg = Release|Any CPU
		{4F8CD1BF-9201-4578-BEE7-D3B7EF7610BF}.Release|Any CPU.Build.0 = Release|Any CPU
		{63579C47-2CDE-4E78-8A9B-07B8D53875C6}.Debug|Any CPU.ActiveCfg = Debug|Any CPU
		{63579C47-2CDE-4E78-8A9B-07B8D53875C6}.Debug|Any CPU.Build.0 = Debug|Any CPU
		{63579C47-2CDE-4E78-8A9B-07B8D53875C6}.Release|Any CPU.ActiveCfg = Release|Any CPU
		{63579C47-2CDE-4E78-8A9B-07B8D53875C6}.Release|Any CPU.Build.0 = Release|Any CPU
		{2541C6E9-1954-44E2-B8A8-380DFE955EB3}.Debug|Any CPU.ActiveCfg = Debug|Any CPU
		{2541C6E9-1954-44E2-B8A8-380DFE955EB3}.Debug|Any CPU.Build.0 = Debug|Any CPU
		{2541C6E9-1954-44E2-B8A8-380DFE955EB3}.Release|Any CPU.ActiveCfg = Release|Any CPU
		{2541C6E9-1954-44E2-B8A8-380DFE955EB3}.Release|Any CPU.Build.0 = Release|Any CPU
	EndGlobalSection
	GlobalSection(SolutionProperties) = preSolution
		HideSolutionNode = FALSE
	EndGlobalSection
	GlobalSection(ExtensibilityGlobals) = postSolution
		SolutionGuid = {A0B75E59-47AD-4DA8-BCB4-79D996DC1A01}
	EndGlobalSection
EndGlobal
